// !$*UTF8*$!
{
	archiveVersion = 1;
	classes = {
	};
	objectVersion = 51;
	objects = {

/* Begin PBXBuildFile section */
		1806209524C92FBA00C8A4A4 /* AppDelegate.m in Sources */ = {isa = PBXBuildFile; fileRef = 1806209424C92FBA00C8A4A4 /* AppDelegate.m */; };
		1806209824C92FBA00C8A4A4 /* SceneDelegate.m in Sources */ = {isa = PBXBuildFile; fileRef = 1806209724C92FBA00C8A4A4 /* SceneDelegate.m */; };
		1806209B24C92FBA00C8A4A4 /* ViewController.m in Sources */ = {isa = PBXBuildFile; fileRef = 1806209A24C92FBA00C8A4A4 /* ViewController.m */; };
		1806209E24C92FBA00C8A4A4 /* Main.storyboard in Resources */ = {isa = PBXBuildFile; fileRef = 1806209C24C92FBA00C8A4A4 /* Main.storyboard */; };
		180620A024C92FBE00C8A4A4 /* Assets.xcassets in Resources */ = {isa = PBXBuildFile; fileRef = 1806209F24C92FBE00C8A4A4 /* Assets.xcassets */; };
		180620A324C92FBE00C8A4A4 /* LaunchScreen.storyboard in Resources */ = {isa = PBXBuildFile; fileRef = 180620A124C92FBE00C8A4A4 /* LaunchScreen.storyboard */; };
		180620A624C92FBE00C8A4A4 /* main.m in Sources */ = {isa = PBXBuildFile; fileRef = 180620A524C92FBE00C8A4A4 /* main.m */; };
		180620B024C92FBE00C8A4A4 /* __iOS_ntpTests.m in Sources */ = {isa = PBXBuildFile; fileRef = 180620AF24C92FBE00C8A4A4 /* __iOS_ntpTests.m */; };
		180620BB24C92FBE00C8A4A4 /* __iOS_ntpUITests.m in Sources */ = {isa = PBXBuildFile; fileRef = 180620BA24C92FBE00C8A4A4 /* __iOS_ntpUITests.m */; };
		6F3662AEA571069C1F7AABD0 /* Pods_3_iOS_ntp_3_iOS_ntpUITests.framework in Frameworks */ = {isa = PBXBuildFile; fileRef = 4A812F01C893C562ADE31399 /* Pods_3_iOS_ntp_3_iOS_ntpUITests.framework */; };
		A1F0CC962A5824E100E5C0E2 /* ntp.hosts in Resources */ = {isa = PBXBuildFile; fileRef = A1F0CC952A5824E100E5C0E2 /* ntp.hosts */; };
		DA883D1E4C2A4AFB0FC7EEDC /* Pods_3_iOS_ntp.framework in Frameworks */ = {isa = PBXBuildFile; fileRef = 2FD43EAFC6AEC92430E0ABA8 /* Pods_3_iOS_ntp.framework */; };
		E5648FBB336F5104E5CA507D /* Pods_3_iOS_ntpTests.framework in Frameworks */ = {isa = PBXBuildFile; fileRef = 0C05768F4673B79508C1E9E5 /* Pods_3_iOS_ntpTests.framework */; };
/* End PBXBuildFile section */

/* Begin PBXContainerItemProxy section */
		180620AC24C92FBE00C8A4A4 /* PBXContainerItemProxy */ = {
			isa = PBXContainerItemProxy;
			containerPortal = 1806208824C92FBA00C8A4A4 /* Project object */;
			proxyType = 1;
			remoteGlobalIDString = 1806208F24C92FBA00C8A4A4;
			remoteInfo = "3.iOS-ntp";
		};
		180620B724C92FBE00C8A4A4 /* PBXContainerItemProxy */ = {
			isa = PBXContainerItemProxy;
			containerPortal = 1806208824C92FBA00C8A4A4 /* Project object */;
			proxyType = 1;
			remoteGlobalIDString = 1806208F24C92FBA00C8A4A4;
			remoteInfo = "3.iOS-ntp";
		};
/* End PBXContainerItemProxy section */

/* Begin PBXFileReference section */
		0C05768F4673B79508C1E9E5 /* Pods_3_iOS_ntpTests.framework */ = {isa = PBXFileReference; explicitFileType = wrapper.framework; includeInIndex = 0; path = Pods_3_iOS_ntpTests.framework; sourceTree = BUILT_PRODUCTS_DIR; };
		1806209024C92FBA00C8A4A4 /* 3.iOS-ntp.app */ = {isa = PBXFileReference; explicitFileType = wrapper.application; includeInIndex = 0; path = "3.iOS-ntp.app"; sourceTree = BUILT_PRODUCTS_DIR; };
		1806209324C92FBA00C8A4A4 /* AppDelegate.h */ = {isa = PBXFileReference; lastKnownFileType = sourcecode.c.h; path = AppDelegate.h; sourceTree = "<group>"; };
		1806209424C92FBA00C8A4A4 /* AppDelegate.m */ = {isa = PBXFileReference; lastKnownFileType = sourcecode.c.objc; path = AppDelegate.m; sourceTree = "<group>"; };
		1806209624C92FBA00C8A4A4 /* SceneDelegate.h */ = {isa = PBXFileReference; lastKnownFileType = sourcecode.c.h; path = SceneDelegate.h; sourceTree = "<group>"; };
		1806209724C92FBA00C8A4A4 /* SceneDelegate.m */ = {isa = PBXFileReference; lastKnownFileType = sourcecode.c.objc; path = SceneDelegate.m; sourceTree = "<group>"; };
		1806209924C92FBA00C8A4A4 /* ViewController.h */ = {isa = PBXFileReference; lastKnownFileType = sourcecode.c.h; path = ViewController.h; sourceTree = "<group>"; };
		1806209A24C92FBA00C8A4A4 /* ViewController.m */ = {isa = PBXFileReference; lastKnownFileType = sourcecode.c.objc; path = ViewController.m; sourceTree = "<group>"; };
		1806209D24C92FBA00C8A4A4 /* Base */ = {isa = PBXFileReference; lastKnownFileType = file.storyboard; name = Base; path = Base.lproj/Main.storyboard; sourceTree = "<group>"; };
		1806209F24C92FBE00C8A4A4 /* Assets.xcassets */ = {isa = PBXFileReference; lastKnownFileType = folder.assetcatalog; path = Assets.xcassets; sourceTree = "<group>"; };
		180620A224C92FBE00C8A4A4 /* Base */ = {isa = PBXFileReference; lastKnownFileType = file.storyboard; name = Base; path = Base.lproj/LaunchScreen.storyboard; sourceTree = "<group>"; };
		180620A424C92FBE00C8A4A4 /* Info.plist */ = {isa = PBXFileReference; lastKnownFileType = text.plist.xml; path = Info.plist; sourceTree = "<group>"; };
		180620A524C92FBE00C8A4A4 /* main.m */ = {isa = PBXFileReference; lastKnownFileType = sourcecode.c.objc; path = main.m; sourceTree = "<group>"; };
		180620AB24C92FBE00C8A4A4 /* 3.iOS-ntpTests.xctest */ = {isa = PBXFileReference; explicitFileType = wrapper.cfbundle; includeInIndex = 0; path = "3.iOS-ntpTests.xctest"; sourceTree = BUILT_PRODUCTS_DIR; };
		180620AF24C92FBE00C8A4A4 /* __iOS_ntpTests.m */ = {isa = PBXFileReference; lastKnownFileType = sourcecode.c.objc; path = __iOS_ntpTests.m; sourceTree = "<group>"; };
		180620B124C92FBE00C8A4A4 /* Info.plist */ = {isa = PBXFileReference; lastKnownFileType = text.plist.xml; path = Info.plist; sourceTree = "<group>"; };
		180620B624C92FBE00C8A4A4 /* 3.iOS-ntpUITests.xctest */ = {isa = PBXFileReference; explicitFileType = wrapper.cfbundle; includeInIndex = 0; path = "3.iOS-ntpUITests.xctest"; sourceTree = BUILT_PRODUCTS_DIR; };
		180620BA24C92FBE00C8A4A4 /* __iOS_ntpUITests.m */ = {isa = PBXFileReference; lastKnownFileType = sourcecode.c.objc; path = __iOS_ntpUITests.m; sourceTree = "<group>"; };
		180620BC24C92FBE00C8A4A4 /* Info.plist */ = {isa = PBXFileReference; lastKnownFileType = text.plist.xml; path = Info.plist; sourceTree = "<group>"; };
		18DBB26C5D7FE1A228A9F1D5 /* Pods-3.iOS-ntp.debug.xcconfig */ = {isa = PBXFileReference; includeInIndex = 1; lastKnownFileType = text.xcconfig; name = "Pods-3.iOS-ntp.debug.xcconfig"; path = "Target Support Files/Pods-3.iOS-ntp/Pods-3.iOS-ntp.debug.xcconfig"; sourceTree = "<group>"; };
		2FD43EAFC6AEC92430E0ABA8 /* Pods_3_iOS_ntp.framework */ = {isa = PBXFileReference; explicitFileType = wrapper.framework; includeInIndex = 0; path = Pods_3_iOS_ntp.framework; sourceTree = BUILT_PRODUCTS_DIR; };
		4A812F01C893C562ADE31399 /* Pods_3_iOS_ntp_3_iOS_ntpUITests.framework */ = {isa = PBXFileReference; explicitFileType = wrapper.framework; includeInIndex = 0; path = Pods_3_iOS_ntp_3_iOS_ntpUITests.framework; sourceTree = BUILT_PRODUCTS_DIR; };
		5D37C2670D8DC304AD14DD98 /* Pods-3.iOS-ntp.release.xcconfig */ = {isa = PBXFileReference; includeInIndex = 1; lastKnownFileType = text.xcconfig; name = "Pods-3.iOS-ntp.release.xcconfig"; path = "Target Support Files/Pods-3.iOS-ntp/Pods-3.iOS-ntp.release.xcconfig"; sourceTree = "<group>"; };
		7EA5C8E4904A4C9CCEE89E7D /* Pods-3.iOS-ntp-3.iOS-ntpUITests.debug.xcconfig */ = {isa = PBXFileReference; includeInIndex = 1; lastKnownFileType = text.xcconfig; name = "Pods-3.iOS-ntp-3.iOS-ntpUITests.debug.xcconfig"; path = "Target Support Files/Pods-3.iOS-ntp-3.iOS-ntpUITests/Pods-3.iOS-ntp-3.iOS-ntpUITests.debug.xcconfig"; sourceTree = "<group>"; };
		80C994D7907D0558A85C3294 /* Pods-3.iOS-ntpTests.debug.xcconfig */ = {isa = PBXFileReference; includeInIndex = 1; lastKnownFileType = text.xcconfig; name = "Pods-3.iOS-ntpTests.debug.xcconfig"; path = "Target Support Files/Pods-3.iOS-ntpTests/Pods-3.iOS-ntpTests.debug.xcconfig"; sourceTree = "<group>"; };
		979515EFB15DB9BCF46B166D /* Pods-3.iOS-ntp-3.iOS-ntpUITests.release.xcconfig */ = {isa = PBXFileReference; includeInIndex = 1; lastKnownFileType = text.xcconfig; name = "Pods-3.iOS-ntp-3.iOS-ntpUITests.release.xcconfig"; path = "Target Support Files/Pods-3.iOS-ntp-3.iOS-ntpUITests/Pods-3.iOS-ntp-3.iOS-ntpUITests.release.xcconfig"; sourceTree = "<group>"; };
		A1F0CC952A5824E100E5C0E2 /* ntp.hosts */ = {isa = PBXFileReference; fileEncoding = 4; lastKnownFileType = text; path = ntp.hosts; sourceTree = "<group>"; };
		C9C6E852A69DB8963EF06E8F /* Pods-3.iOS-ntpTests.release.xcconfig */ = {isa = PBXFileReference; includeInIndex = 1; lastKnownFileType = text.xcconfig; name = "Pods-3.iOS-ntpTests.release.xcconfig"; path = "Target Support Files/Pods-3.iOS-ntpTests/Pods-3.iOS-ntpTests.release.xcconfig"; sourceTree = "<group>"; };
/* End PBXFileReference section */

/* Begin PBXFrameworksBuildPhase section */
		1806208D24C92FBA00C8A4A4 /* Frameworks */ = {
			isa = PBXFrameworksBuildPhase;
			buildActionMask = 2147483647;
			files = (
				DA883D1E4C2A4AFB0FC7EEDC /* Pods_3_iOS_ntp.framework in Frameworks */,
			);
			runOnlyForDeploymentPostprocessing = 0;
		};
		180620A824C92FBE00C8A4A4 /* Frameworks */ = {
			isa = PBXFrameworksBuildPhase;
			buildActionMask = 2147483647;
			files = (
				E5648FBB336F5104E5CA507D /* Pods_3_iOS_ntpTests.framework in Frameworks */,
			);
			runOnlyForDeploymentPostprocessing = 0;
		};
		180620B324C92FBE00C8A4A4 /* Frameworks */ = {
			isa = PBXFrameworksBuildPhase;
			buildActionMask = 2147483647;
			files = (
				6F3662AEA571069C1F7AABD0 /* Pods_3_iOS_ntp_3_iOS_ntpUITests.framework in Frameworks */,
			);
			runOnlyForDeploymentPostprocessing = 0;
		};
/* End PBXFrameworksBuildPhase section */

/* Begin PBXGroup section */
		1806208724C92FBA00C8A4A4 = {
			isa = PBXGroup;
			children = (
				1806209224C92FBA00C8A4A4 /* 3.iOS-ntp */,
				180620AE24C92FBE00C8A4A4 /* 3.iOS-ntpTests */,
				180620B924C92FBE00C8A4A4 /* 3.iOS-ntpUITests */,
				1806209124C92FBA00C8A4A4 /* Products */,
				D72966BD842EE7806EE50E09 /* Pods */,
				26C31D0818A8CF80D5B5320E /* Frameworks */,
			);
			sourceTree = "<group>";
		};
		1806209124C92FBA00C8A4A4 /* Products */ = {
			isa = PBXGroup;
			children = (
				1806209024C92FBA00C8A4A4 /* 3.iOS-ntp.app */,
				180620AB24C92FBE00C8A4A4 /* 3.iOS-ntpTests.xctest */,
				180620B624C92FBE00C8A4A4 /* 3.iOS-ntpUITests.xctest */,
			);
			name = Products;
			sourceTree = "<group>";
		};
		1806209224C92FBA00C8A4A4 /* 3.iOS-ntp */ = {
			isa = PBXGroup;
			children = (
				1806209324C92FBA00C8A4A4 /* AppDelegate.h */,
				1806209424C92FBA00C8A4A4 /* AppDelegate.m */,
				1806209624C92FBA00C8A4A4 /* SceneDelegate.h */,
				1806209724C92FBA00C8A4A4 /* SceneDelegate.m */,
				1806209924C92FBA00C8A4A4 /* ViewController.h */,
				1806209A24C92FBA00C8A4A4 /* ViewController.m */,
				1806209C24C92FBA00C8A4A4 /* Main.storyboard */,
				1806209F24C92FBE00C8A4A4 /* Assets.xcassets */,
				180620A124C92FBE00C8A4A4 /* LaunchScreen.storyboard */,
				180620A424C92FBE00C8A4A4 /* Info.plist */,
				180620A524C92FBE00C8A4A4 /* main.m */,
				A1F0CC952A5824E100E5C0E2 /* ntp.hosts */,
			);
			path = "3.iOS-ntp";
			sourceTree = "<group>";
		};
		180620AE24C92FBE00C8A4A4 /* 3.iOS-ntpTests */ = {
			isa = PBXGroup;
			children = (
				180620AF24C92FBE00C8A4A4 /* __iOS_ntpTests.m */,
				180620B124C92FBE00C8A4A4 /* Info.plist */,
			);
			path = "3.iOS-ntpTests";
			sourceTree = "<group>";
		};
		180620B924C92FBE00C8A4A4 /* 3.iOS-ntpUITests */ = {
			isa = PBXGroup;
			children = (
				180620BA24C92FBE00C8A4A4 /* __iOS_ntpUITests.m */,
				180620BC24C92FBE00C8A4A4 /* Info.plist */,
			);
			path = "3.iOS-ntpUITests";
			sourceTree = "<group>";
		};
		26C31D0818A8CF80D5B5320E /* Frameworks */ = {
			isa = PBXGroup;
			children = (
				2FD43EAFC6AEC92430E0ABA8 /* Pods_3_iOS_ntp.framework */,
				4A812F01C893C562ADE31399 /* Pods_3_iOS_ntp_3_iOS_ntpUITests.framework */,
				0C05768F4673B79508C1E9E5 /* Pods_3_iOS_ntpTests.framework */,
			);
			name = Frameworks;
			sourceTree = "<group>";
		};
		D72966BD842EE7806EE50E09 /* Pods */ = {
			isa = PBXGroup;
			children = (
				18DBB26C5D7FE1A228A9F1D5 /* Pods-3.iOS-ntp.debug.xcconfig */,
				5D37C2670D8DC304AD14DD98 /* Pods-3.iOS-ntp.release.xcconfig */,
				7EA5C8E4904A4C9CCEE89E7D /* Pods-3.iOS-ntp-3.iOS-ntpUITests.debug.xcconfig */,
				979515EFB15DB9BCF46B166D /* Pods-3.iOS-ntp-3.iOS-ntpUITests.release.xcconfig */,
				80C994D7907D0558A85C3294 /* Pods-3.iOS-ntpTests.debug.xcconfig */,
				C9C6E852A69DB8963EF06E8F /* Pods-3.iOS-ntpTests.release.xcconfig */,
			);
			path = Pods;
			sourceTree = "<group>";
		};
/* End PBXGroup section */

/* Begin PBXNativeTarget section */
		1806208F24C92FBA00C8A4A4 /* 3.iOS-ntp */ = {
			isa = PBXNativeTarget;
			buildConfigurationList = 180620BF24C92FBE00C8A4A4 /* Build configuration list for PBXNativeTarget "3.iOS-ntp" */;
			buildPhases = (
				26C24F4C931FCDB1DD3D972C /* [CP] Check Pods Manifest.lock */,
				1806208C24C92FBA00C8A4A4 /* Sources */,
				1806208D24C92FBA00C8A4A4 /* Frameworks */,
				1806208E24C92FBA00C8A4A4 /* Resources */,
				DD66A886CBFC0920EB8EC0DF /* [CP] Embed Pods Frameworks */,
			);
			buildRules = (
			);
			dependencies = (
			);
			name = "3.iOS-ntp";
			productName = "3.iOS-ntp";
			productReference = 1806209024C92FBA00C8A4A4 /* 3.iOS-ntp.app */;
			productType = "com.apple.product-type.application";
		};
		180620AA24C92FBE00C8A4A4 /* 3.iOS-ntpTests */ = {
			isa = PBXNativeTarget;
			buildConfigurationList = 180620C224C92FBE00C8A4A4 /* Build configuration list for PBXNativeTarget "3.iOS-ntpTests" */;
			buildPhases = (
				1B88DCDB6FB0E210370D75C8 /* [CP] Check Pods Manifest.lock */,
				180620A724C92FBE00C8A4A4 /* Sources */,
				180620A824C92FBE00C8A4A4 /* Frameworks */,
				180620A924C92FBE00C8A4A4 /* Resources */,
			);
			buildRules = (
			);
			dependencies = (
				180620AD24C92FBE00C8A4A4 /* PBXTargetDependency */,
			);
			name = "3.iOS-ntpTests";
			productName = "3.iOS-ntpTests";
			productReference = 180620AB24C92FBE00C8A4A4 /* 3.iOS-ntpTests.xctest */;
			productType = "com.apple.product-type.bundle.unit-test";
		};
		180620B524C92FBE00C8A4A4 /* 3.iOS-ntpUITests */ = {
			isa = PBXNativeTarget;
			buildConfigurationList = 180620C524C92FBE00C8A4A4 /* Build configuration list for PBXNativeTarget "3.iOS-ntpUITests" */;
			buildPhases = (
				5A245E86E087F38C792BF366 /* [CP] Check Pods Manifest.lock */,
				180620B224C92FBE00C8A4A4 /* Sources */,
				180620B324C92FBE00C8A4A4 /* Frameworks */,
				180620B424C92FBE00C8A4A4 /* Resources */,
				382C3B19BD81F91C16D4C0E2 /* [CP] Embed Pods Frameworks */,
			);
			buildRules = (
			);
			dependencies = (
				180620B824C92FBE00C8A4A4 /* PBXTargetDependency */,
			);
			name = "3.iOS-ntpUITests";
			productName = "3.iOS-ntpUITests";
			productReference = 180620B624C92FBE00C8A4A4 /* 3.iOS-ntpUITests.xctest */;
			productType = "com.apple.product-type.bundle.ui-testing";
		};
/* End PBXNativeTarget section */

/* Begin PBXProject section */
		1806208824C92FBA00C8A4A4 /* Project object */ = {
			isa = PBXProject;
			attributes = {
				LastUpgradeCheck = 1160;
				ORGANIZATIONNAME = apple;
				TargetAttributes = {
					1806208F24C92FBA00C8A4A4 = {
						CreatedOnToolsVersion = 11.6;
					};
					180620AA24C92FBE00C8A4A4 = {
						CreatedOnToolsVersion = 11.6;
						TestTargetID = 1806208F24C92FBA00C8A4A4;
					};
					180620B524C92FBE00C8A4A4 = {
						CreatedOnToolsVersion = 11.6;
						TestTargetID = 1806208F24C92FBA00C8A4A4;
					};
				};
			};
			buildConfigurationList = 1806208B24C92FBA00C8A4A4 /* Build configuration list for PBXProject "3.iOS-ntp" */;
			compatibilityVersion = "Xcode 9.3";
			developmentRegion = en;
			hasScannedForEncodings = 0;
			knownRegions = (
				en,
				Base,
			);
			mainGroup = 1806208724C92FBA00C8A4A4;
			productRefGroup = 1806209124C92FBA00C8A4A4 /* Products */;
			projectDirPath = "";
			projectRoot = "";
			targets = (
				1806208F24C92FBA00C8A4A4 /* 3.iOS-ntp */,
				180620AA24C92FBE00C8A4A4 /* 3.iOS-ntpTests */,
				180620B524C92FBE00C8A4A4 /* 3.iOS-ntpUITests */,
			);
		};
/* End PBXProject section */

/* Begin PBXResourcesBuildPhase section */
		1806208E24C92FBA00C8A4A4 /* Resources */ = {
			isa = PBXResourcesBuildPhase;
			buildActionMask = 2147483647;
			files = (
				180620A324C92FBE00C8A4A4 /* LaunchScreen.storyboard in Resources */,
				180620A024C92FBE00C8A4A4 /* Assets.xcassets in Resources */,
				A1F0CC962A5824E100E5C0E2 /* ntp.hosts in Resources */,
				1806209E24C92FBA00C8A4A4 /* Main.storyboard in Resources */,
			);
			runOnlyForDeploymentPostprocessing = 0;
		};
		180620A924C92FBE00C8A4A4 /* Resources */ = {
			isa = PBXResourcesBuildPhase;
			buildActionMask = 2147483647;
			files = (
			);
			runOnlyForDeploymentPostprocessing = 0;
		};
		180620B424C92FBE00C8A4A4 /* Resources */ = {
			isa = PBXResourcesBuildPhase;
			buildActionMask = 2147483647;
			files = (
			);
			runOnlyForDeploymentPostprocessing = 0;
		};
/* End PBXResourcesBuildPhase section */

/* Begin PBXShellScriptBuildPhase section */
		1B88DCDB6FB0E210370D75C8 /* [CP] Check Pods Manifest.lock */ = {
			isa = PBXShellScriptBuildPhase;
			buildActionMask = 2147483647;
			files = (
			);
			inputFileListPaths = (
			);
			inputPaths = (
				"${PODS_PODFILE_DIR_PATH}/Podfile.lock",
				"${PODS_ROOT}/Manifest.lock",
			);
			name = "[CP] Check Pods Manifest.lock";
			outputFileListPaths = (
			);
			outputPaths = (
				"$(DERIVED_FILE_DIR)/Pods-3.iOS-ntpTests-checkManifestLockResult.txt",
			);
			runOnlyForDeploymentPostprocessing = 0;
			shellPath = /bin/sh;
			shellScript = "diff \"${PODS_PODFILE_DIR_PATH}/Podfile.lock\" \"${PODS_ROOT}/Manifest.lock\" > /dev/null\nif [ $? != 0 ] ; then\n    # print error to STDERR\n    echo \"error: The sandbox is not in sync with the Podfile.lock. Run 'pod install' or update your CocoaPods installation.\" >&2\n    exit 1\nfi\n# This output is used by Xcode 'outputs' to avoid re-running this script phase.\necho \"SUCCESS\" > \"${SCRIPT_OUTPUT_FILE_0}\"\n";
			showEnvVarsInLog = 0;
		};
		26C24F4C931FCDB1DD3D972C /* [CP] Check Pods Manifest.lock */ = {
			isa = PBXShellScriptBuildPhase;
			buildActionMask = 2147483647;
			files = (
			);
			inputFileListPaths = (
			);
			inputPaths = (
				"${PODS_PODFILE_DIR_PATH}/Podfile.lock",
				"${PODS_ROOT}/Manifest.lock",
			);
			name = "[CP] Check Pods Manifest.lock";
			outputFileListPaths = (
			);
			outputPaths = (
				"$(DERIVED_FILE_DIR)/Pods-3.iOS-ntp-checkManifestLockResult.txt",
			);
			runOnlyForDeploymentPostprocessing = 0;
			shellPath = /bin/sh;
			shellScript = "diff \"${PODS_PODFILE_DIR_PATH}/Podfile.lock\" \"${PODS_ROOT}/Manifest.lock\" > /dev/null\nif [ $? != 0 ] ; then\n    # print error to STDERR\n    echo \"error: The sandbox is not in sync with the Podfile.lock. Run 'pod install' or update your CocoaPods installation.\" >&2\n    exit 1\nfi\n# This output is used by Xcode 'outputs' to avoid re-running this script phase.\necho \"SUCCESS\" > \"${SCRIPT_OUTPUT_FILE_0}\"\n";
			showEnvVarsInLog = 0;
		};
		382C3B19BD81F91C16D4C0E2 /* [CP] Embed Pods Frameworks */ = {
			isa = PBXShellScriptBuildPhase;
			buildActionMask = 2147483647;
			files = (
			);
			inputFileListPaths = (
				"${PODS_ROOT}/Target Support Files/Pods-3.iOS-ntp-3.iOS-ntpUITests/Pods-3.iOS-ntp-3.iOS-ntpUITests-frameworks-${CONFIGURATION}-input-files.xcfilelist",
			);
			name = "[CP] Embed Pods Frameworks";
			outputFileListPaths = (
				"${PODS_ROOT}/Target Support Files/Pods-3.iOS-ntp-3.iOS-ntpUITests/Pods-3.iOS-ntp-3.iOS-ntpUITests-frameworks-${CONFIGURATION}-output-files.xcfilelist",
			);
			runOnlyForDeploymentPostprocessing = 0;
			shellPath = /bin/sh;
			shellScript = "\"${PODS_ROOT}/Target Support Files/Pods-3.iOS-ntp-3.iOS-ntpUITests/Pods-3.iOS-ntp-3.iOS-ntpUITests-frameworks.sh\"\n";
			showEnvVarsInLog = 0;
		};
		5A245E86E087F38C792BF366 /* [CP] Check Pods Manifest.lock */ = {
			isa = PBXShellScriptBuildPhase;
			buildActionMask = 2147483647;
			files = (
			);
			inputFileListPaths = (
			);
			inputPaths = (
				"${PODS_PODFILE_DIR_PATH}/Podfile.lock",
				"${PODS_ROOT}/Manifest.lock",
			);
			name = "[CP] Check Pods Manifest.lock";
			outputFileListPaths = (
			);
			outputPaths = (
				"$(DERIVED_FILE_DIR)/Pods-3.iOS-ntp-3.iOS-ntpUITests-checkManifestLockResult.txt",
			);
			runOnlyForDeploymentPostprocessing = 0;
			shellPath = /bin/sh;
			shellScript = "diff \"${PODS_PODFILE_DIR_PATH}/Podfile.lock\" \"${PODS_ROOT}/Manifest.lock\" > /dev/null\nif [ $? != 0 ] ; then\n    # print error to STDERR\n    echo \"error: The sandbox is not in sync with the Podfile.lock. Run 'pod install' or update your CocoaPods installation.\" >&2\n    exit 1\nfi\n# This output is used by Xcode 'outputs' to avoid re-running this script phase.\necho \"SUCCESS\" > \"${SCRIPT_OUTPUT_FILE_0}\"\n";
			showEnvVarsInLog = 0;
		};
		DD66A886CBFC0920EB8EC0DF /* [CP] Embed Pods Frameworks */ = {
			isa = PBXShellScriptBuildPhase;
			buildActionMask = 2147483647;
			files = (
			);
			inputFileListPaths = (
				"${PODS_ROOT}/Target Support Files/Pods-3.iOS-ntp/Pods-3.iOS-ntp-frameworks-${CONFIGURATION}-input-files.xcfilelist",
			);
			name = "[CP] Embed Pods Frameworks";
			outputFileListPaths = (
				"${PODS_ROOT}/Target Support Files/Pods-3.iOS-ntp/Pods-3.iOS-ntp-frameworks-${CONFIGURATION}-output-files.xcfilelist",
			);
			runOnlyForDeploymentPostprocessing = 0;
			shellPath = /bin/sh;
			shellScript = "\"${PODS_ROOT}/Target Support Files/Pods-3.iOS-ntp/Pods-3.iOS-ntp-frameworks.sh\"\n";
			showEnvVarsInLog = 0;
		};
/* End PBXShellScriptBuildPhase section */

/* Begin PBXSourcesBuildPhase section */
		1806208C24C92FBA00C8A4A4 /* Sources */ = {
			isa = PBXSourcesBuildPhase;
			buildActionMask = 2147483647;
			files = (
				1806209B24C92FBA00C8A4A4 /* ViewController.m in Sources */,
				1806209524C92FBA00C8A4A4 /* AppDelegate.m in Sources */,
				180620A624C92FBE00C8A4A4 /* main.m in Sources */,
				1806209824C92FBA00C8A4A4 /* SceneDelegate.m in Sources */,
			);
			runOnlyForDeploymentPostprocessing = 0;
		};
		180620A724C92FBE00C8A4A4 /* Sources */ = {
			isa = PBXSourcesBuildPhase;
			buildActionMask = 2147483647;
			files = (
				180620B024C92FBE00C8A4A4 /* __iOS_ntpTests.m in Sources */,
			);
			runOnlyForDeploymentPostprocessing = 0;
		};
		180620B224C92FBE00C8A4A4 /* Sources */ = {
			isa = PBXSourcesBuildPhase;
			buildActionMask = 2147483647;
			files = (
				180620BB24C92FBE00C8A4A4 /* __iOS_ntpUITests.m in Sources */,
			);
			runOnlyForDeploymentPostprocessing = 0;
		};
/* End PBXSourcesBuildPhase section */

/* Begin PBXTargetDependency section */
		180620AD24C92FBE00C8A4A4 /* PBXTargetDependency */ = {
			isa = PBXTargetDependency;
			target = 1806208F24C92FBA00C8A4A4 /* 3.iOS-ntp */;
			targetProxy = 180620AC24C92FBE00C8A4A4 /* PBXContainerItemProxy */;
		};
		180620B824C92FBE00C8A4A4 /* PBXTargetDependency */ = {
			isa = PBXTargetDependency;
			target = 1806208F24C92FBA00C8A4A4 /* 3.iOS-ntp */;
			targetProxy = 180620B724C92FBE00C8A4A4 /* PBXContainerItemProxy */;
		};
/* End PBXTargetDependency section */

/* Begin PBXVariantGroup section */
		1806209C24C92FBA00C8A4A4 /* Main.storyboard */ = {
			isa = PBXVariantGroup;
			children = (
				1806209D24C92FBA00C8A4A4 /* Base */,
			);
			name = Main.storyboard;
			sourceTree = "<group>";
		};
		180620A124C92FBE00C8A4A4 /* LaunchScreen.storyboard */ = {
			isa = PBXVariantGroup;
			children = (
				180620A224C92FBE00C8A4A4 /* Base */,
			);
			name = LaunchScreen.storyboard;
			sourceTree = "<group>";
		};
/* End PBXVariantGroup section */

/* Begin XCBuildConfiguration section */
		180620BD24C92FBE00C8A4A4 /* Debug */ = {
			isa = XCBuildConfiguration;
			buildSettings = {
				ALWAYS_SEARCH_USER_PATHS = NO;
				CLANG_ANALYZER_NONNULL = YES;
				CLANG_ANALYZER_NUMBER_OBJECT_CONVERSION = YES_AGGRESSIVE;
				CLANG_CXX_LANGUAGE_STANDARD = "gnu++14";
				CLANG_CXX_LIBRARY = "libc++";
				CLANG_ENABLE_MODULES = YES;
				CLANG_ENABLE_OBJC_ARC = YES;
				CLANG_ENABLE_OBJC_WEAK = YES;
				CLANG_WARN_BLOCK_CAPTURE_AUTORELEASING = YES;
				CLANG_WARN_BOOL_CONVERSION = YES;
				CLANG_WARN_COMMA = YES;
				CLANG_WARN_CONSTANT_CONVERSION = YES;
				CLANG_WARN_DEPRECATED_OBJC_IMPLEMENTATIONS = YES;
				CLANG_WARN_DIRECT_OBJC_ISA_USAGE = YES_ERROR;
				CLANG_WARN_DOCUMENTATION_COMMENTS = YES;
				CLANG_WARN_EMPTY_BODY = YES;
				CLANG_WARN_ENUM_CONVERSION = YES;
				CLANG_WARN_INFINITE_RECURSION = YES;
				CLANG_WARN_INT_CONVERSION = YES;
				CLANG_WARN_NON_LITERAL_NULL_CONVERSION = YES;
				CLANG_WARN_OBJC_IMPLICIT_RETAIN_SELF = YES;
				CLANG_WARN_OBJC_LITERAL_CONVERSION = YES;
				CLANG_WARN_OBJC_ROOT_CLASS = YES_ERROR;
				CLANG_WARN_RANGE_LOOP_ANALYSIS = YES;
				CLANG_WARN_STRICT_PROTOTYPES = YES;
				CLANG_WARN_SUSPICIOUS_MOVE = YES;
				CLANG_WARN_UNGUARDED_AVAILABILITY = YES_AGGRESSIVE;
				CLANG_WARN_UNREACHABLE_CODE = YES;
				CLANG_WARN__DUPLICATE_METHOD_MATCH = YES;
				COPY_PHASE_STRIP = NO;
				DEBUG_INFORMATION_FORMAT = dwarf;
				ENABLE_STRICT_OBJC_MSGSEND = YES;
				ENABLE_TESTABILITY = YES;
				GCC_C_LANGUAGE_STANDARD = gnu11;
				GCC_DYNAMIC_NO_PIC = NO;
				GCC_NO_COMMON_BLOCKS = YES;
				GCC_OPTIMIZATION_LEVEL = 0;
				GCC_PREPROCESSOR_DEFINITIONS = (
					"DEBUG=1",
					"$(inherited)",
				);
				GCC_WARN_64_TO_32_BIT_CONVERSION = YES;
				GCC_WARN_ABOUT_RETURN_TYPE = YES_ERROR;
				GCC_WARN_UNDECLARED_SELECTOR = YES;
				GCC_WARN_UNINITIALIZED_AUTOS = YES_AGGRESSIVE;
				GCC_WARN_UNUSED_FUNCTION = YES;
				GCC_WARN_UNUSED_VARIABLE = YES;
				IPHONEOS_DEPLOYMENT_TARGET = 13.6;
				MTL_ENABLE_DEBUG_INFO = INCLUDE_SOURCE;
				MTL_FAST_MATH = YES;
				ONLY_ACTIVE_ARCH = YES;
				SDKROOT = iphoneos;
			};
			name = Debug;
		};
		180620BE24C92FBE00C8A4A4 /* Release */ = {
			isa = XCBuildConfiguration;
			buildSettings = {
				ALWAYS_SEARCH_USER_PATHS = NO;
				CLANG_ANALYZER_NONNULL = YES;
				CLANG_ANALYZER_NUMBER_OBJECT_CONVERSION = YES_AGGRESSIVE;
				CLANG_CXX_LANGUAGE_STANDARD = "gnu++14";
				CLANG_CXX_LIBRARY = "libc++";
				CLANG_ENABLE_MODULES = YES;
				CLANG_ENABLE_OBJC_ARC = YES;
				CLANG_ENABLE_OBJC_WEAK = YES;
				CLANG_WARN_BLOCK_CAPTURE_AUTORELEASING = YES;
				CLANG_WARN_BOOL_CONVERSION = YES;
				CLANG_WARN_COMMA = YES;
				CLANG_WARN_CONSTANT_CONVERSION = YES;
				CLANG_WARN_DEPRECATED_OBJC_IMPLEMENTATIONS = YES;
				CLANG_WARN_DIRECT_OBJC_ISA_USAGE = YES_ERROR;
				CLANG_WARN_DOCUMENTATION_COMMENTS = YES;
				CLANG_WARN_EMPTY_BODY = YES;
				CLANG_WARN_ENUM_CONVERSION = YES;
				CLANG_WARN_INFINITE_RECURSION = YES;
				CLANG_WARN_INT_CONVERSION = YES;
				CLANG_WARN_NON_LITERAL_NULL_CONVERSION = YES;
				CLANG_WARN_OBJC_IMPLICIT_RETAIN_SELF = YES;
				CLANG_WARN_OBJC_LITERAL_CONVERSION = YES;
				CLANG_WARN_OBJC_ROOT_CLASS = YES_ERROR;
				CLANG_WARN_RANGE_LOOP_ANALYSIS = YES;
				CLANG_WARN_STRICT_PROTOTYPES = YES;
				CLANG_WARN_SUSPICIOUS_MOVE = YES;
				CLANG_WARN_UNGUARDED_AVAILABILITY = YES_AGGRESSIVE;
				CLANG_WARN_UNREACHABLE_CODE = YES;
				CLANG_WARN__DUPLICATE_METHOD_MATCH = YES;
				COPY_PHASE_STRIP = NO;
				DEBUG_INFORMATION_FORMAT = "dwarf-with-dsym";
				ENABLE_NS_ASSERTIONS = NO;
				ENABLE_STRICT_OBJC_MSGSEND = YES;
				GCC_C_LANGUAGE_STANDARD = gnu11;
				GCC_NO_COMMON_BLOCKS = YES;
				GCC_WARN_64_TO_32_BIT_CONVERSION = YES;
				GCC_WARN_ABOUT_RETURN_TYPE = YES_ERROR;
				GCC_WARN_UNDECLARED_SELECTOR = YES;
				GCC_WARN_UNINITIALIZED_AUTOS = YES_AGGRESSIVE;
				GCC_WARN_UNUSED_FUNCTION = YES;
				GCC_WARN_UNUSED_VARIABLE = YES;
				IPHONEOS_DEPLOYMENT_TARGET = 13.6;
				MTL_ENABLE_DEBUG_INFO = NO;
				MTL_FAST_MATH = YES;
				SDKROOT = iphoneos;
				VALIDATE_PRODUCT = YES;
			};
			name = Release;
		};
		180620C024C92FBE00C8A4A4 /* Debug */ = {
			isa = XCBuildConfiguration;
			baseConfigurationReference = 18DBB26C5D7FE1A228A9F1D5 /* Pods-3.iOS-ntp.debug.xcconfig */;
			buildSettings = {
				ASSETCATALOG_COMPILER_APPICON_NAME = AppIcon;
				CODE_SIGN_STYLE = Automatic;
				DEVELOPMENT_TEAM = 3D47N4555T;
				INFOPLIST_FILE = "3.iOS-ntp/Info.plist";
				IPHONEOS_DEPLOYMENT_TARGET = 11.4;
				LD_RUNPATH_SEARCH_PATHS = (
					"$(inherited)",
					"@executable_path/Frameworks",
				);
				PRODUCT_BUNDLE_IDENTIFIER = "LS.--iOS-ntp";
				PRODUCT_NAME = "$(TARGET_NAME)";
				TARGETED_DEVICE_FAMILY = "1,2";
			};
			name = Debug;
		};
		180620C124C92FBE00C8A4A4 /* Release */ = {
			isa = XCBuildConfiguration;
			baseConfigurationReference = 5D37C2670D8DC304AD14DD98 /* Pods-3.iOS-ntp.release.xcconfig */;
			buildSettings = {
				ASSETCATALOG_COMPILER_APPICON_NAME = AppIcon;
				CODE_SIGN_STYLE = Automatic;
				DEVELOPMENT_TEAM = 3D47N4555T;
				INFOPLIST_FILE = "3.iOS-ntp/Info.plist";
				IPHONEOS_DEPLOYMENT_TARGET = 11.4;
				LD_RUNPATH_SEARCH_PATHS = (
					"$(inherited)",
					"@executable_path/Frameworks",
				);
				PRODUCT_BUNDLE_IDENTIFIER = "LS.--iOS-ntp";
				PRODUCT_NAME = "$(TARGET_NAME)";
				TARGETED_DEVICE_FAMILY = "1,2";
			};
			name = Release;
		};
		180620C324C92FBE00C8A4A4 /* Debug */ = {
			isa = XCBuildConfiguration;
			baseConfigurationReference = 80C994D7907D0558A85C3294 /* Pods-3.iOS-ntpTests.debug.xcconfig */;
			buildSettings = {
				BUNDLE_LOADER = "$(TEST_HOST)";
				CODE_SIGN_STYLE = Automatic;
				DEVELOPMENT_TEAM = N4686HA3AU;
				INFOPLIST_FILE = "3.iOS-ntpTests/Info.plist";
				IPHONEOS_DEPLOYMENT_TARGET = 13.6;
				LD_RUNPATH_SEARCH_PATHS = (
					"$(inherited)",
					"@executable_path/Frameworks",
					"@loader_path/Frameworks",
				);
				PRODUCT_BUNDLE_IDENTIFIER = "LS.--iOS-ntpTests";
				PRODUCT_NAME = "$(TARGET_NAME)";
				TARGETED_DEVICE_FAMILY = "1,2";
				TEST_HOST = "$(BUILT_PRODUCTS_DIR)/3.iOS-ntp.app/3.iOS-ntp";
			};
			name = Debug;
		};
		180620C424C92FBE00C8A4A4 /* Release */ = {
			isa = XCBuildConfiguration;
			baseConfigurationReference = C9C6E852A69DB8963EF06E8F /* Pods-3.iOS-ntpTests.release.xcconfig */;
			buildSettings = {
				BUNDLE_LOADER = "$(TEST_HOST)";
				CODE_SIGN_STYLE = Automatic;
				DEVELOPMENT_TEAM = N4686HA3AU;
				INFOPLIST_FILE = "3.iOS-ntpTests/Info.plist";
				IPHONEOS_DEPLOYMENT_TARGET = 13.6;
				LD_RUNPATH_SEARCH_PATHS = (
					"$(inherited)",
					"@executable_path/Frameworks",
					"@loader_path/Frameworks",
				);
				PRODUCT_BUNDLE_IDENTIFIER = "LS.--iOS-ntpTests";
				PRODUCT_NAME = "$(TARGET_NAME)";
				TARGETED_DEVICE_FAMILY = "1,2";
				TEST_HOST = "$(BUILT_PRODUCTS_DIR)/3.iOS-ntp.app/3.iOS-ntp";
			};
			name = Release;
		};
		180620C624C92FBE00C8A4A4 /* Debug */ = {
			isa = XCBuildConfiguration;
			baseConfigurationReference = 7EA5C8E4904A4C9CCEE89E7D /* Pods-3.iOS-ntp-3.iOS-ntpUITests.debug.xcconfig */;
			buildSettings = {
				CODE_SIGN_STYLE = Automatic;
				DEVELOPMENT_TEAM = N4686HA3AU;
				INFOPLIST_FILE = "3.iOS-ntpUITests/Info.plist";
				LD_RUNPATH_SEARCH_PATHS = (
					"$(inherited)",
					"@executable_path/Frameworks",
					"@loader_path/Frameworks",
				);
				PRODUCT_BUNDLE_IDENTIFIER = "LS.--iOS-ntpUITests";
				PRODUCT_NAME = "$(TARGET_NAME)";
				TARGETED_DEVICE_FAMILY = "1,2";
				TEST_TARGET_NAME = "3.iOS-ntp";
			};
			name = Debug;
		};
		180620C724C92FBE00C8A4A4 /* Release */ = {
			isa = XCBuildConfiguration;
			baseConfigurationReference = 979515EFB15DB9BCF46B166D /* Pods-3.iOS-ntp-3.iOS-ntpUITests.release.xcconfig */;
			buildSettings = {
				CODE_SIGN_STYLE = Automatic;
				DEVELOPMENT_TEAM = N4686HA3AU;
				INFOPLIST_FILE = "3.iOS-ntpUITests/Info.plist";
				LD_RUNPATH_SEARCH_PATHS = (
					"$(inherited)",
					"@executable_path/Frameworks",
					"@loader_path/Frameworks",
				);
				PRODUCT_BUNDLE_IDENTIFIER = "LS.--iOS-ntpUITests";
				PRODUCT_NAME = "$(TARGET_NAME)";
				TARGETED_DEVICE_FAMILY = "1,2";
				TEST_TARGET_NAME = "3.iOS-ntp";
			};
			name = Release;
		};
/* End XCBuildConfiguration section */

/* Begin XCConfigurationList section */
		1806208B24C92FBA00C8A4A4 /* Build configuration list for PBXProject "3.iOS-ntp" */ = {
			isa = XCConfigurationList;
			buildConfigurations = (
				180620BD24C92FBE00C8A4A4 /* Debug */,
				180620BE24C92FBE00C8A4A4 /* Release */,
			);
			defaultConfigurationIsVisible = 0;
			defaultConfigurationName = Release;
		};
		180620BF24C92FBE00C8A4A4 /* Build configuration list for PBXNativeTarget "3.iOS-ntp" */ = {
			isa = XCConfigurationList;
			buildConfigurations = (
				180620C024C92FBE00C8A4A4 /* Debug */,
				180620C124C92FBE00C8A4A4 /* Release */,
			);
			defaultConfigurationIsVisible = 0;
			defaultConfigurationName = Release;
		};
		180620C224C92FBE00C8A4A4 /* Build configuration list for PBXNativeTarget "3.iOS-ntpTests" */ = {
			isa = XCConfigurationList;
			buildConfigurations = (
				180620C324C92FBE00C8A4A4 /* Debug */,
				180620C424C92FBE00C8A4A4 /* Release */,
			);
			defaultConfigurationIsVisible = 0;
			defaultConfigurationName = Release;
		};
		180620C524C92FBE00C8A4A4 /* Build configuration list for PBXNativeTarget "3.iOS-ntpUITests" */ = {
			isa = XCConfigurationList;
			buildConfigurations = (
				180620C624C92FBE00C8A4A4 /* Debug */,
				180620C724C92FBE00C8A4A4 /* Release */,
			);
			defaultConfigurationIsVisible = 0;
			defaultConfigurationName = Release;
		};
/* End XCConfigurationList section */
	};
	rootObject = 1806208824C92FBA00C8A4A4 /* Project object */;
}
